{
  "name": "pohunek-upstream-claude",
  "version": "0.0.0",
  "lockfileVersion": 3,
  "requires": true,
  "packages": {
    "": {
      "name": "pohunek-upstream-claude",
      "version": "0.0.0",
      "dependencies": {
        "@anthropic-ai/claude-code": "2.1.289"
      }
    },
    "node_modules/@anthropic-ai/claude-code": {
      "version": "2.1.289",
      "resolved": "https://registry.npmjs.org/@anthropic-ai/claude-code/-/claude-code-2.1.289.tgz",
      "integrity": "sha512-RQWjAlalf9aomgI3JaXDCdFPvmNVnRdjwMtYk5L+Lw1NWxCxbhY5T9F+w1xukqvJh/I2rR2+3hICZxhk0al1nA==",
      "hasInstallScript": true,
      "license": "SEE LICENSE IN README.md",
      "bin": {
        "claude": "bin/claude.exe"
      },
      "engines": {
        "node": ">=22.0.0"
      },
      "optionalDependencies": {
        "@anthropic-ai/claude-code-darwin-arm64": "2.1.289",
        "@anthropic-ai/claude-code-darwin-x64": "2.1.289",
        "@anthropic-ai/claude-code-linux-arm64": "2.1.289",
        "@anthropic-ai/claude-code-linux-arm64-musl": "2.1.289",
        "@anthropic-ai/claude-code-linux-x64": "2.1.289",
        "@anthropic-ai/claude-code-linux-x64-musl": "2.1.289",
        "@anthropic-ai/claude-code-win32-arm64": "2.1.289",
        "@anthropic-ai/claude-code-win32-x64": "2.1.289"
      }
    },
    "node_modules/@anthropic-ai/claude-code-darwin-arm64": {
      "version": "2.1.289",
      "resolved": "https://registry.npmjs.org/@anthropic-ai/claude-code-darwin-arm64/-/claude-code-darwin-arm64-2.1.289.tgz",
      "integrity": "sha512-jhZQ4BdBt2E9oiHdgpwu/HIgRDlyUazDfXIbIerUFDAPcb6c7Tl1QtMvLz3KxXkZXigYv0q4U6xSHHd78TQdHA==",
      "cpu": [
        "arm64"
      ],
      "license": "SEE LICENSE IN LICENSE.md",
      "optional": true,
      "os": [
        "darwin"
      ]
    },
    "node_modules/@anthropic-ai/claude-code-darwin-x64": {
      "version": "2.1.289",
      "resolved": "https://registry.npmjs.org/@anthropic-ai/claude-code-darwin-x64/-/claude-code-darwin-x64-2.1.289.tgz",
      "integrity": "sha512-KErKulmExUbnAqXDz75FGfph+fslAHL0UqIW9rYlGwNFlPJAP5UTXIKcKp6Jh1bgVQjdJJEqg79kUjuriVUDDw==",
      "cpu": [
        "x64"
      ],
      "license": "SEE LICENSE IN LICENSE.md",
      "optional": true,
      "os": [
        "darwin"
      ]
    },
    "node_modules/@anthropic-ai/claude-code-linux-arm64": {
      "version": "2.1.289",
      "resolved": "https://registry.npmjs.org/@anthropic-ai/claude-code-linux-arm64/-/claude-code-linux-arm64-2.1.289.tgz",
      "integrity": "sha512-kzZKgmlPjtxeCl3jR4eO+BVwy4hJq/pApB2vWFgrjAGR1jOphhS6GJaU1XjZYGbJITSoeaWxHnD1xQ2EWVZLHw==",
      "cpu": [
        "arm64"
      ],
      "libc": [
        "glibc"
      ],
      "license": "SEE LICENSE IN LICENSE.md",
      "optional": true,
      "os": [
        "linux"
      ]
    },
    "node_modules/@anthropic-ai/claude-code-linux-arm64-musl": {
      "version": "2.1.289",
      "resolved": "https://registry.npmjs.org/@anthropic-ai/claude-code-linux-arm64-musl/-/claude-code-linux-arm64-musl-2.1.289.tgz",
      "integrity": "sha512-PGtu78PDsTKoPrbpbsM6JiG0ksdiQBFGNaMAS8h/FUUwdhxsL6D35UHDH0sj4izmcYFMV/akwHI2emiZiBJk/w==",
      "cpu": [
        "arm64"
      ],
      "libc": [
        "musl"
      ],
      "license": "SEE LICENSE IN LICENSE.md",
      "optional": true,
      "os": [
        "linux"
      ]
    },
    "node_modules/@anthropic-ai/claude-code-linux-x64": {
      "version": "2.1.289",
      "resolved": "https://registry.npmjs.org/@anthropic-ai/claude-code-linux-x64/-/claude-code-linux-x64-2.1.289.tgz",
      "integrity": "sha512-I23SaSYE8vSwFbJ+Tc0mRlzvJmRQNaiyBUXK/K5R6BVr2lOoCdMI2SJR4N6xiVYy6yyIt39JNiyvPHoiOymyyw==",
      "cpu": [
        "x64"
      ],
      "libc": [
        "glibc"
      ],
      "license": "SEE LICENSE IN LICENSE.md",
      "optional": true,
      "os": [
        "linux"
      ]
    },
    "node_modules/@anthropic-ai/claude-code-linux-x64-musl": {
      "version": "2.1.289",
      "resolved": "https://registry.npmjs.org/@anthropic-ai/claude-code-linux-x64-musl/-/claude-code-linux-x64-musl-2.1.289.tgz",
      "integrity": "sha512-6Bs+1r/MePebevlvWAFia4VTUhT+SeM5kFjhzqYtjp/NOKnZep3xZG53oYkT659D7Lmh9P+hnThTDLaUjUXOIw==",
      "cpu": [
        "x64"
      ],
      "libc": [
        "musl"
      ],
      "license": "SEE LICENSE IN LICENSE.md",
      "optional": true,
      "os": [
        "linux"
      ]
    },
    "node_modules/@anthropic-ai/claude-code-win32-arm64": {
      "version": "2.1.289",
      "resolved": "https://registry.npmjs.org/@anthropic-ai/claude-code-win32-arm64/-/claude-code-win32-arm64-2.1.289.tgz",
      "integrity": "sha512-dMKH0j/Zm2q5L71rVXx4NaWWlK5iUOCmN12XgwrIx7EjYhvpgVDLdNHm9yohxb3I0Cb4iaujR/EBb75FuLbIGQ==",
      "cpu": [
        "arm64"
      ],
      "license": "SEE LICENSE IN LICENSE.md",
      "optional": true,
      "os": [
        "win32"
      ]
    },
    "node_modules/@anthropic-ai/claude-code-win32-x64": {
      "version": "2.1.289",
      "resolved": "https://registry.npmjs.org/@anthropic-ai/claude-code-win32-x64/-/claude-code-win32-x64-2.1.289.tgz",
      "integrity": "sha512-t6PwcRoMIeuNPbnkf9bFxdUv3xBgUSnk1yRU3r8b5CjovwzV1zUY/talE4rgGAvcTwmndirtWOny/3LPf6Ju+w==",
      "cpu": [
        "x64"
      ],
      "license": "SEE LICENSE IN LICENSE.md",
      "optional": true,
      "os": [
        "win32"
      ]
    }
  }
}
